<?xml version="1.0" encoding="utf-8"?>
<Project ToolsVersion="4.0" xmlns="http://schemas.microsoft.com/developer/msbuild/2003">
  <ItemGroup>
    <ClCompile Include="StdAfx.cpp" />
    <ClCompile Include="PluginDarkContextMenu.cpp" />
  </ItemGroup>
  <ItemGroup>
    <ResourceCompile Include="Plugin.rc" />
  </ItemGroup>
  <ItemGroup>
    <ClInclude Include="version.h" />
    <ClInclude Include="PluginDarkContextMenu.h" />
    <ClInclude Include="StdAfx.h" />
  </ItemGroup>
</Project>